
Microsoft Visual Studio Solution File, Format Version 12.00
# Visual Studio Version 16
VisualStudioVersion = 16.0.31515.178
MinimumVisualStudioVersion = 10.0.40219.1
Project("{9A19103F-16F7-4668-BE54-9A1E7A4F7556}") = "Pedidios.Technical.Evaluation.IoC", "Pedidios.Technical.Evaluation.IoC\Pedidios.Technical.Evaluation.IoC.csproj", "{00DEE3D5-39FB-4FFC-836D-BF42FAF76E06}"
EndProject
Project("{9A19103F-16F7-4668-BE54-9A1E7A4F7556}") = "Pedidos.Evaluation.Application", "Pedidos.Evaluation.Application\Pedidos.Evaluation.Application.csproj", "{5F63EBD2-3E87-4FBE-A17B-971C35FD06A5}"
EndProject
Project("{9A19103F-16F7-4668-BE54-9A1E7A4F7556}") = "Pedidos.Technical.Evaluation.Api", "Pedidos.Technical.Evaluation.Api\Pedidos.Technical.Evaluation.Api.csproj", "{A6D2E1EE-F80B-4BE8-8925-C3A6EF432CCC}"
EndProject
Global
	GlobalSection(SolutionConfigurationPlatforms) = preSolution
		Debug|Any CPU = Debug|Any CPU
		Release|Any CPU = Release|Any CPU
	EndGlobalSection
	GlobalSection(ProjectConfigurationPlatforms) = postSolution
		{00DEE3D5-39FB-4FFC-836D-BF42FAF76E06}.Debug|Any CPU.ActiveCfg = Debug|Any CPU
		{00DEE3D5-39FB-4FFC-836D-BF42FAF76E06}.Debug|Any CPU.Build.0 = Debug|Any CPU
		{00DEE3D5-39FB-4FFC-836D-BF42FAF76E06}.Release|Any CPU.ActiveCfg = Release|Any CPU
		{00DEE3D5-39FB-4FFC-836D-BF42FAF76E06}.Release|Any CPU.Build.0 = Release|Any CPU
		{5F63EBD2-3E87-4FBE-A17B-971C35FD06A5}.Debug|Any CPU.ActiveCfg = Debug|Any CPU
		{5F63EBD2-3E87-4FBE-A17B-971C35FD06A5}.Debug|Any CPU.Build.0 = Debug|Any CPU
		{5F63EBD2-3E87-4FBE-A17B-971C35FD06A5}.Release|Any CPU.ActiveCfg = Release|Any CPU
		{5F63EBD2-3E87-4FBE-A17B-971C35FD06A5}.Release|Any CPU.Build.0 = Release|Any CPU
		{A6D2E1EE-F80B-4BE8-8925-C3A6EF432CCC}.Debug|Any CPU.ActiveCfg = Debug|Any CPU
		{A6D2E1EE-F80B-4BE8-8925-C3A6EF432CCC}.Debug|Any CPU.Build.0 = Debug|Any CPU
		{A6D2E1EE-F80B-4BE8-8925-C3A6EF432CCC}.Release|Any CPU.ActiveCfg = Release|Any CPU
		{A6D2E1EE-F80B-4BE8-8925-C3A6EF432CCC}.Release|Any CPU.Build.0 = Release|Any CPU
	EndGlobalSection
	GlobalSection(SolutionProperties) = preSolution
		HideSolutionNode = FALSE
	EndGlobalSection
	GlobalSection(ExtensibilityGlobals) = postSolution
		SolutionGuid = {96826F97-234A-4FF2-AD89-EBAA1C950715}
	EndGlobalSection
EndGlobal
